<?xml version="1.0" encoding="utf-8"?>
<Project ToolsVersion="12.0" xmlns="http://schemas.microsoft.com/developer/msbuild/2003">
  <ItemGroup>
    <Filter Include="Source Files">
      <UniqueIdentifier>{7A64100D-5D92-4B1F-8F8D-A493E4D6A252}</UniqueIdentifier>
    </Filter>
    <Filter Include="Header Files">
      <UniqueIdentifier>{afed2727-2689-40f6-b0e0-b0aae96b3c00}</UniqueIdentifier>
    </Filter>
  </ItemGroup>
  <ItemGroup>
    <ClInclude Include="test_parameters_rt.h">
      <Filter>Header Files</Filter>
    </ClInclude>
    <ClInclude Include="..\..\testing.h">
      <Filter>Header Files</Filter>
    </ClInclude>
  </ItemGroup>
  <ItemGroup>
    <ClCompile Include="test_rt.c">
      <Filter>Source Files</Filter>
    </ClCompile>
  </ItemGroup>
</Project>