<?xml version="1.0" encoding="utf-8"?>
<Project ToolsVersion="12.0" xmlns="http://schemas.microsoft.com/developer/msbuild/2003">
  <ItemGroup>
    <Filter Include="Source Files">
      <UniqueIdentifier>{7A64100D-5D92-4B1F-8F8D-A493E4D6A251}</UniqueIdentifier>
    </Filter>
    <Filter Include="Header Files">
      <UniqueIdentifier>{efc60517-521f-40ea-b2c1-370f4e792032}</UniqueIdentifier>
    </Filter>
  </ItemGroup>
  <ItemGroup>
    <ClInclude Include="test_parameters_bc.h">
      <Filter>Header Files</Filter>
    </ClInclude>
    <ClInclude Include="..\..\testing.h">
      <Filter>Header Files</Filter>
    </ClInclude>
  </ItemGroup>
  <ItemGroup>
    <ClCompile Include="test_bc.c">
      <Filter>Source Files</Filter>
    </ClCompile>
  </ItemGroup>
</Project>