<?xml version="1.0" encoding="utf-8"?>
<Project ToolsVersion="12.0" xmlns="http://schemas.microsoft.com/developer/msbuild/2003">
  <ItemGroup>
    <ClCompile Include="..\src\hscl.c">
      <Filter>Source Files</Filter>
    </ClCompile>
    <ClCompile Include="..\src\register.c">
      <Filter>Source Files</Filter>
    </ClCompile>
  </ItemGroup>
  <ItemGroup>
    <ClInclude Include="..\export\hscl.h">
      <Filter>Header Files</Filter>
    </ClInclude>
    <ClInclude Include="..\export\hscl_reg.h">
      <Filter>Header Files</Filter>
    </ClInclude>
    <ClInclude Include="..\src\hscl_i.h">
      <Filter>Header Files</Filter>
    </ClInclude>
  </ItemGroup>
  <ItemGroup>
    <Filter Include="Source Files">
      <UniqueIdentifier>{7A64100D-5D92-4B1F-8F8D-A493E4D6A250}</UniqueIdentifier>
    </Filter>
    <Filter Include="Header Files">
      <UniqueIdentifier>{A05C00DE-A093-4BA8-8EEE-9274EDFE2478}</UniqueIdentifier>
    </Filter>
  </ItemGroup>
</Project>